// !$*UTF8*$!
{
	archiveVersion = 1;
	classes = {
	};
	objectVersion = 56;
	objects = {

/* Begin PBXBuildFile section */
		40C5538AAC462D2539F76665 /* Pods_TwitterSampleAppTests.framework in Frameworks */ = {isa = PBXBuildFile; fileRef = 0BF969DB97A330B859E6C8E8 /* Pods_TwitterSampleAppTests.framework */; };
		5245297829474AD40040D49C /* TweetRecord.swift in Sources */ = {isa = PBXBuildFile; fileRef = 5245297729474AD40040D49C /* TweetRecord.swift */; };
		528F9AD32940AEE70037BA01 /* AppDelegate.swift in Sources */ = {isa = PBXBuildFile; fileRef = 528F9AD22940AEE70037BA01 /* AppDelegate.swift */; };
		528F9AD52940AEE70037BA01 /* SceneDelegate.swift in Sources */ = {isa = PBXBuildFile; fileRef = 528F9AD42940AEE70037BA01 /* SceneDelegate.swift */; };
		528F9AD72940AEE70037BA01 /* ViewController.swift in Sources */ = {isa = PBXBuildFile; fileRef = 528F9AD62940AEE70037BA01 /* ViewController.swift */; };
		528F9ADA2940AEE70037BA01 /* Main.storyboard in Resources */ = {isa = PBXBuildFile; fileRef = 528F9AD82940AEE70037BA01 /* Main.storyboard */; };
		528F9ADC2940AEE80037BA01 /* Assets.xcassets in Resources */ = {isa = PBXBuildFile; fileRef = 528F9ADB2940AEE80037BA01 /* Assets.xcassets */; };
		528F9ADF2940AEE80037BA01 /* LaunchScreen.storyboard in Resources */ = {isa = PBXBuildFile; fileRef = 528F9ADD2940AEE80037BA01 /* LaunchScreen.storyboard */; };
		528F9AEA2940AEE90037BA01 /* TwitterSampleAppTests.swift in Sources */ = {isa = PBXBuildFile; fileRef = 528F9AE92940AEE90037BA01 /* TwitterSampleAppTests.swift */; };
		528F9AF42940AEE90037BA01 /* TwitterSampleAppUITests.swift in Sources */ = {isa = PBXBuildFile; fileRef = 528F9AF32940AEE90037BA01 /* TwitterSampleAppUITests.swift */; };
		528F9AF62940AEE90037BA01 /* TwitterSampleAppUITestsLaunchTests.swift in Sources */ = {isa = PBXBuildFile; fileRef = 528F9AF52940AEE90037BA01 /* TwitterSampleAppUITestsLaunchTests.swift */; };
		528F9B04294418DE0037BA01 /* MainTableViewCell.swift in Sources */ = {isa = PBXBuildFile; fileRef = 528F9B02294418DE0037BA01 /* MainTableViewCell.swift */; };
		528F9B05294418DE0037BA01 /* MainTableViewCell.xib in Resources */ = {isa = PBXBuildFile; fileRef = 528F9B03294418DE0037BA01 /* MainTableViewCell.xib */; };
		528F9B072944B4DC0037BA01 /* EditorViewController.storyboard in Resources */ = {isa = PBXBuildFile; fileRef = 528F9B062944B4DC0037BA01 /* EditorViewController.storyboard */; };
		528F9B092944B5210037BA01 /* EditorViewController.swift in Sources */ = {isa = PBXBuildFile; fileRef = 528F9B082944B5200037BA01 /* EditorViewController.swift */; };
		7FCD4D8A50C4AC84A69ADE2C /* Pods_TwitterSampleApp_TwitterSampleAppUITests.framework in Frameworks */ = {isa = PBXBuildFile; fileRef = 350AB8570B7E12EDC14482C6 /* Pods_TwitterSampleApp_TwitterSampleAppUITests.framework */; };
		9CDF0F844B263FCDF15137AE /* Pods_TwitterSampleApp.framework in Frameworks */ = {isa = PBXBuildFile; fileRef = 97399427681D14DF3E607738 /* Pods_TwitterSampleApp.framework */; };
/* End PBXBuildFile section */

/* Begin PBXContainerItemProxy section */
		528F9AE62940AEE90037BA01 /* PBXContainerItemProxy */ = {
			isa = PBXContainerItemProxy;
			containerPortal = 528F9AC72940AEE70037BA01 /* Project object */;
			proxyType = 1;
			remoteGlobalIDString = 528F9ACE2940AEE70037BA01;
			remoteInfo = TwitterSampleApp;
		};
		528F9AF02940AEE90037BA01 /* PBXContainerItemProxy */ = {
			isa = PBXContainerItemProxy;
			containerPortal = 528F9AC72940AEE70037BA01 /* Project object */;
			proxyType = 1;
			remoteGlobalIDString = 528F9ACE2940AEE70037BA01;
			remoteInfo = TwitterSampleApp;
		};
/* End PBXContainerItemProxy section */

/* Begin PBXFileReference section */
		0BF969DB97A330B859E6C8E8 /* Pods_TwitterSampleAppTests.framework */ = {isa = PBXFileReference; explicitFileType = wrapper.framework; includeInIndex = 0; path = Pods_TwitterSampleAppTests.framework; sourceTree = BUILT_PRODUCTS_DIR; };
		0E33004F30034E111A3A9801 /* Pods-TwitterSampleApp-TwitterSampleAppUITests.debug.xcconfig */ = {isa = PBXFileReference; includeInIndex = 1; lastKnownFileType = text.xcconfig; name = "Pods-TwitterSampleApp-TwitterSampleAppUITests.debug.xcconfig"; path = "Target Support Files/Pods-TwitterSampleApp-TwitterSampleAppUITests/Pods-TwitterSampleApp-TwitterSampleAppUITests.debug.xcconfig"; sourceTree = "<group>"; };
		243E33268083093634EF8E71 /* Pods-TwitterSampleApp.release.xcconfig */ = {isa = PBXFileReference; includeInIndex = 1; lastKnownFileType = text.xcconfig; name = "Pods-TwitterSampleApp.release.xcconfig"; path = "Target Support Files/Pods-TwitterSampleApp/Pods-TwitterSampleApp.release.xcconfig"; sourceTree = "<group>"; };
		350AB8570B7E12EDC14482C6 /* Pods_TwitterSampleApp_TwitterSampleAppUITests.framework */ = {isa = PBXFileReference; explicitFileType = wrapper.framework; includeInIndex = 0; path = Pods_TwitterSampleApp_TwitterSampleAppUITests.framework; sourceTree = BUILT_PRODUCTS_DIR; };
		44E86A03E4E49183850F43F6 /* Pods-TwitterSampleAppTests.debug.xcconfig */ = {isa = PBXFileReference; includeInIndex = 1; lastKnownFileType = text.xcconfig; name = "Pods-TwitterSampleAppTests.debug.xcconfig"; path = "Target Support Files/Pods-TwitterSampleAppTests/Pods-TwitterSampleAppTests.debug.xcconfig"; sourceTree = "<group>"; };
		5245297729474AD40040D49C /* TweetRecord.swift */ = {isa = PBXFileReference; lastKnownFileType = sourcecode.swift; path = TweetRecord.swift; sourceTree = "<group>"; };
		528F9ACF2940AEE70037BA01 /* TwitterSampleApp.app */ = {isa = PBXFileReference; explicitFileType = wrapper.application; includeInIndex = 0; path = TwitterSampleApp.app; sourceTree = BUILT_PRODUCTS_DIR; };
		528F9AD22940AEE70037BA01 /* AppDelegate.swift */ = {isa = PBXFileReference; lastKnownFileType = sourcecode.swift; path = AppDelegate.swift; sourceTree = "<group>"; };
		528F9AD42940AEE70037BA01 /* SceneDelegate.swift */ = {isa = PBXFileReference; lastKnownFileType = sourcecode.swift; path = SceneDelegate.swift; sourceTree = "<group>"; };
		528F9AD62940AEE70037BA01 /* ViewController.swift */ = {isa = PBXFileReference; lastKnownFileType = sourcecode.swift; path = ViewController.swift; sourceTree = "<group>"; };
		528F9AD92940AEE70037BA01 /* Base */ = {isa = PBXFileReference; lastKnownFileType = file.storyboard; name = Base; path = Base.lproj/Main.storyboard; sourceTree = "<group>"; };
		528F9ADB2940AEE80037BA01 /* Assets.xcassets */ = {isa = PBXFileReference; lastKnownFileType = folder.assetcatalog; path = Assets.xcassets; sourceTree = "<group>"; };
		528F9ADE2940AEE80037BA01 /* Base */ = {isa = PBXFileReference; lastKnownFileType = file.storyboard; name = Base; path = Base.lproj/LaunchScreen.storyboard; sourceTree = "<group>"; };
		528F9AE02940AEE80037BA01 /* Info.plist */ = {isa = PBXFileReference; lastKnownFileType = text.plist.xml; path = Info.plist; sourceTree = "<group>"; };
		528F9AE52940AEE90037BA01 /* TwitterSampleAppTests.xctest */ = {isa = PBXFileReference; explicitFileType = wrapper.cfbundle; includeInIndex = 0; path = TwitterSampleAppTests.xctest; sourceTree = BUILT_PRODUCTS_DIR; };
		528F9AE92940AEE90037BA01 /* TwitterSampleAppTests.swift */ = {isa = PBXFileReference; lastKnownFileType = sourcecode.swift; path = TwitterSampleAppTests.swift; sourceTree = "<group>"; };
		528F9AEF2940AEE90037BA01 /* TwitterSampleAppUITests.xctest */ = {isa = PBXFileReference; explicitFileType = wrapper.cfbundle; includeInIndex = 0; path = TwitterSampleAppUITests.xctest; sourceTree = BUILT_PRODUCTS_DIR; };
		528F9AF32940AEE90037BA01 /* TwitterSampleAppUITests.swift */ = {isa = PBXFileReference; lastKnownFileType = sourcecode.swift; path = TwitterSampleAppUITests.swift; sourceTree = "<group>"; };
		528F9AF52940AEE90037BA01 /* TwitterSampleAppUITestsLaunchTests.swift */ = {isa = PBXFileReference; lastKnownFileType = sourcecode.swift; path = TwitterSampleAppUITestsLaunchTests.swift; sourceTree = "<group>"; };
		528F9B02294418DE0037BA01 /* MainTableViewCell.swift */ = {isa = PBXFileReference; lastKnownFileType = sourcecode.swift; path = MainTableViewCell.swift; sourceTree = "<group>"; };
		528F9B03294418DE0037BA01 /* MainTableViewCell.xib */ = {isa = PBXFileReference; lastKnownFileType = file.xib; path = MainTableViewCell.xib; sourceTree = "<group>"; };
		528F9B062944B4DC0037BA01 /* EditorViewController.storyboard */ = {isa = PBXFileReference; lastKnownFileType = file.storyboard; path = EditorViewController.storyboard; sourceTree = "<group>"; };
		528F9B082944B5200037BA01 /* EditorViewController.swift */ = {isa = PBXFileReference; lastKnownFileType = sourcecode.swift; path = EditorViewController.swift; sourceTree = "<group>"; };
		6E40C29A1520CA6679A0B953 /* Pods-TwitterSampleApp-TwitterSampleAppUITests.release.xcconfig */ = {isa = PBXFileReference; includeInIndex = 1; lastKnownFileType = text.xcconfig; name = "Pods-TwitterSampleApp-TwitterSampleAppUITests.release.xcconfig"; path = "Target Support Files/Pods-TwitterSampleApp-TwitterSampleAppUITests/Pods-TwitterSampleApp-TwitterSampleAppUITests.release.xcconfig"; sourceTree = "<group>"; };
		97399427681D14DF3E607738 /* Pods_TwitterSampleApp.framework */ = {isa = PBXFileReference; explicitFileType = wrapper.framework; includeInIndex = 0; path = Pods_TwitterSampleApp.framework; sourceTree = BUILT_PRODUCTS_DIR; };
		A49B5E5F9C8DE4D9A8FF6DF0 /* Pods-TwitterSampleAppTests.release.xcconfig */ = {isa = PBXFileReference; includeInIndex = 1; lastKnownFileType = text.xcconfig; name = "Pods-TwitterSampleAppTests.release.xcconfig"; path = "Target Support Files/Pods-TwitterSampleAppTests/Pods-TwitterSampleAppTests.release.xcconfig"; sourceTree = "<group>"; };
		CC9F7F2A1B708B2BAEB45747 /* Pods-TwitterSampleApp.debug.xcconfig */ = {isa = PBXFileReference; includeInIndex = 1; lastKnownFileType = text.xcconfig; name = "Pods-TwitterSampleApp.debug.xcconfig"; path = "Target Support Files/Pods-TwitterSampleApp/Pods-TwitterSampleApp.debug.xcconfig"; sourceTree = "<group>"; };
/* End PBXFileReference section */

/* Begin PBXFrameworksBuildPhase section */
		528F9ACC2940AEE70037BA01 /* Frameworks */ = {
			isa = PBXFrameworksBuildPhase;
			buildActionMask = 2147483647;
			files = (
				9CDF0F844B263FCDF15137AE /* Pods_TwitterSampleApp.framework in Frameworks */,
			);
			runOnlyForDeploymentPostprocessing = 0;
		};
		528F9AE22940AEE90037BA01 /* Frameworks */ = {
			isa = PBXFrameworksBuildPhase;
			buildActionMask = 2147483647;
			files = (
				40C5538AAC462D2539F76665 /* Pods_TwitterSampleAppTests.framework in Frameworks */,
			);
			runOnlyForDeploymentPostprocessing = 0;
		};
		528F9AEC2940AEE90037BA01 /* Frameworks */ = {
			isa = PBXFrameworksBuildPhase;
			buildActionMask = 2147483647;
			files = (
				7FCD4D8A50C4AC84A69ADE2C /* Pods_TwitterSampleApp_TwitterSampleAppUITests.framework in Frameworks */,
			);
			runOnlyForDeploymentPostprocessing = 0;
		};
/* End PBXFrameworksBuildPhase section */

/* Begin PBXGroup section */
		30C7C7C8D200295A9E129AD4 /* Pods */ = {
			isa = PBXGroup;
			children = (
				CC9F7F2A1B708B2BAEB45747 /* Pods-TwitterSampleApp.debug.xcconfig */,
				243E33268083093634EF8E71 /* Pods-TwitterSampleApp.release.xcconfig */,
				0E33004F30034E111A3A9801 /* Pods-TwitterSampleApp-TwitterSampleAppUITests.debug.xcconfig */,
				6E40C29A1520CA6679A0B953 /* Pods-TwitterSampleApp-TwitterSampleAppUITests.release.xcconfig */,
				44E86A03E4E49183850F43F6 /* Pods-TwitterSampleAppTests.debug.xcconfig */,
				A49B5E5F9C8DE4D9A8FF6DF0 /* Pods-TwitterSampleAppTests.release.xcconfig */,
			);
			path = Pods;
			sourceTree = "<group>";
		};
		528F9AC62940AEE70037BA01 = {
			isa = PBXGroup;
			children = (
				528F9AD12940AEE70037BA01 /* TwitterSampleApp */,
				528F9AE82940AEE90037BA01 /* TwitterSampleAppTests */,
				528F9AF22940AEE90037BA01 /* TwitterSampleAppUITests */,
				528F9AD02940AEE70037BA01 /* Products */,
				30C7C7C8D200295A9E129AD4 /* Pods */,
				8722E2D6B3827060B7B2AE27 /* Frameworks */,
			);
			sourceTree = "<group>";
		};
		528F9AD02940AEE70037BA01 /* Products */ = {
			isa = PBXGroup;
			children = (
				528F9ACF2940AEE70037BA01 /* TwitterSampleApp.app */,
				528F9AE52940AEE90037BA01 /* TwitterSampleAppTests.xctest */,
				528F9AEF2940AEE90037BA01 /* TwitterSampleAppUITests.xctest */,
			);
			name = Products;
			sourceTree = "<group>";
		};
		528F9AD12940AEE70037BA01 /* TwitterSampleApp */ = {
			isa = PBXGroup;
			children = (
				528F9AD22940AEE70037BA01 /* AppDelegate.swift */,
				528F9AD42940AEE70037BA01 /* SceneDelegate.swift */,
				528F9AD62940AEE70037BA01 /* ViewController.swift */,
				528F9AD82940AEE70037BA01 /* Main.storyboard */,
				528F9B02294418DE0037BA01 /* MainTableViewCell.swift */,
				528F9B03294418DE0037BA01 /* MainTableViewCell.xib */,
				528F9ADB2940AEE80037BA01 /* Assets.xcassets */,
				528F9ADD2940AEE80037BA01 /* LaunchScreen.storyboard */,
				528F9AE02940AEE80037BA01 /* Info.plist */,
				528F9B062944B4DC0037BA01 /* EditorViewController.storyboard */,
				528F9B082944B5200037BA01 /* EditorViewController.swift */,
				5245297729474AD40040D49C /* TweetRecord.swift */,
			);
			path = TwitterSampleApp;
			sourceTree = "<group>";
		};
		528F9AE82940AEE90037BA01 /* TwitterSampleAppTests */ = {
			isa = PBXGroup;
			children = (
				528F9AE92940AEE90037BA01 /* TwitterSampleAppTests.swift */,
			);
			path = TwitterSampleAppTests;
			sourceTree = "<group>";
		};
		528F9AF22940AEE90037BA01 /* TwitterSampleAppUITests */ = {
			isa = PBXGroup;
			children = (
				528F9AF32940AEE90037BA01 /* TwitterSampleAppUITests.swift */,
				528F9AF52940AEE90037BA01 /* TwitterSampleAppUITestsLaunchTests.swift */,
			);
			path = TwitterSampleAppUITests;
			sourceTree = "<group>";
		};
		8722E2D6B3827060B7B2AE27 /* Frameworks */ = {
			isa = PBXGroup;
			children = (
				97399427681D14DF3E607738 /* Pods_TwitterSampleApp.framework */,
				350AB8570B7E12EDC14482C6 /* Pods_TwitterSampleApp_TwitterSampleAppUITests.framework */,
				0BF969DB97A330B859E6C8E8 /* Pods_TwitterSampleAppTests.framework */,
			);
			name = Frameworks;
			sourceTree = "<group>";
		};
/* End PBXGroup section */

/* Begin PBXNativeTarget section */
		528F9ACE2940AEE70037BA01 /* TwitterSampleApp */ = {
			isa = PBXNativeTarget;
			buildConfigurationList = 528F9AF92940AEE90037BA01 /* Build configuration list for PBXNativeTarget "TwitterSampleApp" */;
			buildPhases = (
				AE9D133F23B127195265D80A /* [CP] Check Pods Manifest.lock */,
				528F9ACB2940AEE70037BA01 /* Sources */,
				528F9ACC2940AEE70037BA01 /* Frameworks */,
				528F9ACD2940AEE70037BA01 /* Resources */,
				D31D6F803FD79C5B80BA39EF /* [CP] Embed Pods Frameworks */,
			);
			buildRules = (
			);
			dependencies = (
			);
			name = TwitterSampleApp;
			productName = TwitterSampleApp;
			productReference = 528F9ACF2940AEE70037BA01 /* TwitterSampleApp.app */;
			productType = "com.apple.product-type.application";
		};
		528F9AE42940AEE90037BA01 /* TwitterSampleAppTests */ = {
			isa = PBXNativeTarget;
			buildConfigurationList = 528F9AFC2940AEE90037BA01 /* Build configuration list for PBXNativeTarget "TwitterSampleAppTests" */;
			buildPhases = (
				3D0A00000D2D85A6720D1CB6 /* [CP] Check Pods Manifest.lock */,
				528F9AE12940AEE90037BA01 /* Sources */,
				528F9AE22940AEE90037BA01 /* Frameworks */,
				528F9AE32940AEE90037BA01 /* Resources */,
			);
			buildRules = (
			);
			dependencies = (
				528F9AE72940AEE90037BA01 /* PBXTargetDependency */,
			);
			name = TwitterSampleAppTests;
			productName = TwitterSampleAppTests;
			productReference = 528F9AE52940AEE90037BA01 /* TwitterSampleAppTests.xctest */;
			productType = "com.apple.product-type.bundle.unit-test";
		};
		528F9AEE2940AEE90037BA01 /* TwitterSampleAppUITests */ = {
			isa = PBXNativeTarget;
			buildConfigurationList = 528F9AFF2940AEE90037BA01 /* Build configuration list for PBXNativeTarget "TwitterSampleAppUITests" */;
			buildPhases = (
				5900BD3C222C6673B72849C9 /* [CP] Check Pods Manifest.lock */,
				528F9AEB2940AEE90037BA01 /* Sources */,
				528F9AEC2940AEE90037BA01 /* Frameworks */,
				528F9AED2940AEE90037BA01 /* Resources */,
				7763D0BEF3D4D8039AD42237 /* [CP] Embed Pods Frameworks */,
			);
			buildRules = (
			);
			dependencies = (
				528F9AF12940AEE90037BA01 /* PBXTargetDependency */,
			);
			name = TwitterSampleAppUITests;
			productName = TwitterSampleAppUITests;
			productReference = 528F9AEF2940AEE90037BA01 /* TwitterSampleAppUITests.xctest */;
			productType = "com.apple.product-type.bundle.ui-testing";
		};
/* End PBXNativeTarget section */

/* Begin PBXProject section */
		528F9AC72940AEE70037BA01 /* Project object */ = {
			isa = PBXProject;
			attributes = {
				BuildIndependentTargetsInParallel = 1;
				LastSwiftUpdateCheck = 1410;
				LastUpgradeCheck = 1410;
				TargetAttributes = {
					528F9ACE2940AEE70037BA01 = {
						CreatedOnToolsVersion = 14.1;
					};
					528F9AE42940AEE90037BA01 = {
						CreatedOnToolsVersion = 14.1;
						TestTargetID = 528F9ACE2940AEE70037BA01;
					};
					528F9AEE2940AEE90037BA01 = {
						CreatedOnToolsVersion = 14.1;
						TestTargetID = 528F9ACE2940AEE70037BA01;
					};
				};
			};
			buildConfigurationList = 528F9ACA2940AEE70037BA01 /* Build configuration list for PBXProject "TwitterSampleApp" */;
			compatibilityVersion = "Xcode 14.0";
			developmentRegion = en;
			hasScannedForEncodings = 0;
			knownRegions = (
				en,
				Base,
			);
			mainGroup = 528F9AC62940AEE70037BA01;
			productRefGroup = 528F9AD02940AEE70037BA01 /* Products */;
			projectDirPath = "";
			projectRoot = "";
			targets = (
				528F9ACE2940AEE70037BA01 /* TwitterSampleApp */,
				528F9AE42940AEE90037BA01 /* TwitterSampleAppTests */,
				528F9AEE2940AEE90037BA01 /* TwitterSampleAppUITests */,
			);
		};
/* End PBXProject section */

/* Begin PBXResourcesBuildPhase section */
		528F9ACD2940AEE70037BA01 /* Resources */ = {
			isa = PBXResourcesBuildPhase;
			buildActionMask = 2147483647;
			files = (
				528F9ADF2940AEE80037BA01 /* LaunchScreen.storyboard in Resources */,
				528F9ADC2940AEE80037BA01 /* Assets.xcassets in Resources */,
				528F9B072944B4DC0037BA01 /* EditorViewController.storyboard in Resources */,
				528F9B05294418DE0037BA01 /* MainTableViewCell.xib in Resources */,
				528F9ADA2940AEE70037BA01 /* Main.storyboard in Resources */,
			);
			runOnlyForDeploymentPostprocessing = 0;
		};
		528F9AE32940AEE90037BA01 /* Resources */ = {
			isa = PBXResourcesBuildPhase;
			buildActionMask = 2147483647;
			files = (
			);
			runOnlyForDeploymentPostprocessing = 0;
		};
		528F9AED2940AEE90037BA01 /* Resources */ = {
			isa = PBXResourcesBuildPhase;
			buildActionMask = 2147483647;
			files = (
			);
			runOnlyForDeploymentPostprocessing = 0;
		};
/* End PBXResourcesBuildPhase section */

/* Begin PBXShellScriptBuildPhase section */
		3D0A00000D2D85A6720D1CB6 /* [CP] Check Pods Manifest.lock */ = {
			isa = PBXShellScriptBuildPhase;
			buildActionMask = 2147483647;
			files = (
			);
			inputFileListPaths = (
			);
			inputPaths = (
				"${PODS_PODFILE_DIR_PATH}/Podfile.lock",
				"${PODS_ROOT}/Manifest.lock",
			);
			name = "[CP] Check Pods Manifest.lock";
			outputFileListPaths = (
			);
			outputPaths = (
				"$(DERIVED_FILE_DIR)/Pods-TwitterSampleAppTests-checkManifestLockResult.txt",
			);
			runOnlyForDeploymentPostprocessing = 0;
			shellPath = /bin/sh;
			shellScript = "diff \"${PODS_PODFILE_DIR_PATH}/Podfile.lock\" \"${PODS_ROOT}/Manifest.lock\" > /dev/null\nif [ $? != 0 ] ; then\n    # print error to STDERR\n    echo \"error: The sandbox is not in sync with the Podfile.lock. Run 'pod install' or update your CocoaPods installation.\" >&2\n    exit 1\nfi\n# This output is used by Xcode 'outputs' to avoid re-running this script phase.\necho \"SUCCESS\" > \"${SCRIPT_OUTPUT_FILE_0}\"\n";
			showEnvVarsInLog = 0;
		};
		5900BD3C222C6673B72849C9 /* [CP] Check Pods Manifest.lock */ = {
			isa = PBXShellScriptBuildPhase;
			buildActionMask = 2147483647;
			files = (
			);
			inputFileListPaths = (
			);
			inputPaths = (
				"${PODS_PODFILE_DIR_PATH}/Podfile.lock",
				"${PODS_ROOT}/Manifest.lock",
			);
			name = "[CP] Check Pods Manifest.lock";
			outputFileListPaths = (
			);
			outputPaths = (
				"$(DERIVED_FILE_DIR)/Pods-TwitterSampleApp-TwitterSampleAppUITests-checkManifestLockResult.txt",
			);
			runOnlyForDeploymentPostprocessing = 0;
			shellPath = /bin/sh;
			shellScript = "diff \"${PODS_PODFILE_DIR_PATH}/Podfile.lock\" \"${PODS_ROOT}/Manifest.lock\" > /dev/null\nif [ $? != 0 ] ; then\n    # print error to STDERR\n    echo \"error: The sandbox is not in sync with the Podfile.lock. Run 'pod install' or update your CocoaPods installation.\" >&2\n    exit 1\nfi\n# This output is used by Xcode 'outputs' to avoid re-running this script phase.\necho \"SUCCESS\" > \"${SCRIPT_OUTPUT_FILE_0}\"\n";
			showEnvVarsInLog = 0;
		};
		7763D0BEF3D4D8039AD42237 /* [CP] Embed Pods Frameworks */ = {
			isa = PBXShellScriptBuildPhase;
			buildActionMask = 2147483647;
			files = (
			);
			inputFileListPaths = (
				"${PODS_ROOT}/Target Support Files/Pods-TwitterSampleApp-TwitterSampleAppUITests/Pods-TwitterSampleApp-TwitterSampleAppUITests-frameworks-${CONFIGURATION}-input-files.xcfilelist",
			);
			name = "[CP] Embed Pods Frameworks";
			outputFileListPaths = (
				"${PODS_ROOT}/Target Support Files/Pods-TwitterSampleApp-TwitterSampleAppUITests/Pods-TwitterSampleApp-TwitterSampleAppUITests-frameworks-${CONFIGURATION}-output-files.xcfilelist",
			);
			runOnlyForDeploymentPostprocessing = 0;
			shellPath = /bin/sh;
			shellScript = "\"${PODS_ROOT}/Target Support Files/Pods-TwitterSampleApp-TwitterSampleAppUITests/Pods-TwitterSampleApp-TwitterSampleAppUITests-frameworks.sh\"\n";
			showEnvVarsInLog = 0;
		};
		AE9D133F23B127195265D80A /* [CP] Check Pods Manifest.lock */ = {
			isa = PBXShellScriptBuildPhase;
			buildActionMask = 2147483647;
			files = (
			);
			inputFileListPaths = (
			);
			inputPaths = (
				"${PODS_PODFILE_DIR_PATH}/Podfile.lock",
				"${PODS_ROOT}/Manifest.lock",
			);
			name = "[CP] Check Pods Manifest.lock";
			outputFileListPaths = (
			);
			outputPaths = (
				"$(DERIVED_FILE_DIR)/Pods-TwitterSampleApp-checkManifestLockResult.txt",
			);
			runOnlyForDeploymentPostprocessing = 0;
			shellPath = /bin/sh;
			shellScript = "diff \"${PODS_PODFILE_DIR_PATH}/Podfile.lock\" \"${PODS_ROOT}/Manifest.lock\" > /dev/null\nif [ $? != 0 ] ; then\n    # print error to STDERR\n    echo \"error: The sandbox is not in sync with the Podfile.lock. Run 'pod install' or update your CocoaPods installation.\" >&2\n    exit 1\nfi\n# This output is used by Xcode 'outputs' to avoid re-running this script phase.\necho \"SUCCESS\" > \"${SCRIPT_OUTPUT_FILE_0}\"\n";
			showEnvVarsInLog = 0;
		};
		D31D6F803FD79C5B80BA39EF /* [CP] Embed Pods Frameworks */ = {
			isa = PBXShellScriptBuildPhase;
			buildActionMask = 2147483647;
			files = (
			);
			inputFileListPaths = (
				"${PODS_ROOT}/Target Support Files/Pods-TwitterSampleApp/Pods-TwitterSampleApp-frameworks-${CONFIGURATION}-input-files.xcfilelist",
			);
			name = "[CP] Embed Pods Frameworks";
			outputFileListPaths = (
				"${PODS_ROOT}/Target Support Files/Pods-TwitterSampleApp/Pods-TwitterSampleApp-frameworks-${CONFIGURATION}-output-files.xcfilelist",
			);
			runOnlyForDeploymentPostprocessing = 0;
			shellPath = /bin/sh;
			shellScript = "\"${PODS_ROOT}/Target Support Files/Pods-TwitterSampleApp/Pods-TwitterSampleApp-frameworks.sh\"\n";
			showEnvVarsInLog = 0;
		};
/* End PBXShellScriptBuildPhase section */

/* Begin PBXSourcesBuildPhase section */
		528F9ACB2940AEE70037BA01 /* Sources */ = {
			isa = PBXSourcesBuildPhase;
			buildActionMask = 2147483647;
			files = (
				5245297829474AD40040D49C /* TweetRecord.swift in Sources */,
				528F9AD72940AEE70037BA01 /* ViewController.swift in Sources */,
				528F9AD32940AEE70037BA01 /* AppDelegate.swift in Sources */,
				528F9B04294418DE0037BA01 /* MainTableViewCell.swift in Sources */,
				528F9B092944B5210037BA01 /* EditorViewController.swift in Sources */,
				528F9AD52940AEE70037BA01 /* SceneDelegate.swift in Sources */,
			);
			runOnlyForDeploymentPostprocessing = 0;
		};
		528F9AE12940AEE90037BA01 /* Sources */ = {
			isa = PBXSourcesBuildPhase;
			buildActionMask = 2147483647;
			files = (
				528F9AEA2940AEE90037BA01 /* TwitterSampleAppTests.swift in Sources */,
			);
			runOnlyForDeploymentPostprocessing = 0;
		};
		528F9AEB2940AEE90037BA01 /* Sources */ = {
			isa = PBXSourcesBuildPhase;
			buildActionMask = 2147483647;
			files = (
				528F9AF62940AEE90037BA01 /* TwitterSampleAppUITestsLaunchTests.swift in Sources */,
				528F9AF42940AEE90037BA01 /* TwitterSampleAppUITests.swift in Sources */,
			);
			runOnlyForDeploymentPostprocessing = 0;
		};
/* End PBXSourcesBuildPhase section */

/* Begin PBXTargetDependency section */
		528F9AE72940AEE90037BA01 /* PBXTargetDependency */ = {
			isa = PBXTargetDependency;
			target = 528F9ACE2940AEE70037BA01 /* TwitterSampleApp */;
			targetProxy = 528F9AE62940AEE90037BA01 /* PBXContainerItemProxy */;
		};
		528F9AF12940AEE90037BA01 /* PBXTargetDependency */ = {
			isa = PBXTargetDependency;
			target = 528F9ACE2940AEE70037BA01 /* TwitterSampleApp */;
			targetProxy = 528F9AF02940AEE90037BA01 /* PBXContainerItemProxy */;
		};
/* End PBXTargetDependency section */

/* Begin PBXVariantGroup section */
		528F9AD82940AEE70037BA01 /* Main.storyboard */ = {
			isa = PBXVariantGroup;
			children = (
				528F9AD92940AEE70037BA01 /* Base */,
			);
			name = Main.storyboard;
			sourceTree = "<group>";
		};
		528F9ADD2940AEE80037BA01 /* LaunchScreen.storyboard */ = {
			isa = PBXVariantGroup;
			children = (
				528F9ADE2940AEE80037BA01 /* Base */,
			);
			name = LaunchScreen.storyboard;
			sourceTree = "<group>";
		};
/* End PBXVariantGroup section */

/* Begin XCBuildConfiguration section */
		528F9AF72940AEE90037BA01 /* Debug */ = {
			isa = XCBuildConfiguration;
			buildSettings = {
				ALWAYS_SEARCH_USER_PATHS = NO;
				CLANG_ANALYZER_NONNULL = YES;
				CLANG_ANALYZER_NUMBER_OBJECT_CONVERSION = YES_AGGRESSIVE;
				CLANG_CXX_LANGUAGE_STANDARD = "gnu++20";
				CLANG_ENABLE_MODULES = YES;
				CLANG_ENABLE_OBJC_ARC = YES;
				CLANG_ENABLE_OBJC_WEAK = YES;
				CLANG_WARN_BLOCK_CAPTURE_AUTORELEASING = YES;
				CLANG_WARN_BOOL_CONVERSION = YES;
				CLANG_WARN_COMMA = YES;
				CLANG_WARN_CONSTANT_CONVERSION = YES;
				CLANG_WARN_DEPRECATED_OBJC_IMPLEMENTATIONS = YES;
				CLANG_WARN_DIRECT_OBJC_ISA_USAGE = YES_ERROR;
				CLANG_WARN_DOCUMENTATION_COMMENTS = YES;
				CLANG_WARN_EMPTY_BODY = YES;
				CLANG_WARN_ENUM_CONVERSION = YES;
				CLANG_WARN_INFINITE_RECURSION = YES;
				CLANG_WARN_INT_CONVERSION = YES;
				CLANG_WARN_NON_LITERAL_NULL_CONVERSION = YES;
				CLANG_WARN_OBJC_IMPLICIT_RETAIN_SELF = YES;
				CLANG_WARN_OBJC_LITERAL_CONVERSION = YES;
				CLANG_WARN_OBJC_ROOT_CLASS = YES_ERROR;
				CLANG_WARN_QUOTED_INCLUDE_IN_FRAMEWORK_HEADER = YES;
				CLANG_WARN_RANGE_LOOP_ANALYSIS = YES;
				CLANG_WARN_STRICT_PROTOTYPES = YES;
				CLANG_WARN_SUSPICIOUS_MOVE = YES;
				CLANG_WARN_UNGUARDED_AVAILABILITY = YES_AGGRESSIVE;
				CLANG_WARN_UNREACHABLE_CODE = YES;
				CLANG_WARN__DUPLICATE_METHOD_MATCH = YES;
				COPY_PHASE_STRIP = NO;
				DEBUG_INFORMATION_FORMAT = dwarf;
				ENABLE_STRICT_OBJC_MSGSEND = YES;
				ENABLE_TESTABILITY = YES;
				GCC_C_LANGUAGE_STANDARD = gnu11;
				GCC_DYNAMIC_NO_PIC = NO;
				GCC_NO_COMMON_BLOCKS = YES;
				GCC_OPTIMIZATION_LEVEL = 0;
				GCC_PREPROCESSOR_DEFINITIONS = (
					"DEBUG=1",
					"$(inherited)",
				);
				GCC_WARN_64_TO_32_BIT_CONVERSION = YES;
				GCC_WARN_ABOUT_RETURN_TYPE = YES_ERROR;
				GCC_WARN_UNDECLARED_SELECTOR = YES;
				GCC_WARN_UNINITIALIZED_AUTOS = YES_AGGRESSIVE;
				GCC_WARN_UNUSED_FUNCTION = YES;
				GCC_WARN_UNUSED_VARIABLE = YES;
				IPHONEOS_DEPLOYMENT_TARGET = 16.1;
				MTL_ENABLE_DEBUG_INFO = INCLUDE_SOURCE;
				MTL_FAST_MATH = YES;
				ONLY_ACTIVE_ARCH = YES;
				SDKROOT = iphoneos;
				SWIFT_ACTIVE_COMPILATION_CONDITIONS = DEBUG;
				SWIFT_OPTIMIZATION_LEVEL = "-Onone";
			};
			name = Debug;
		};
		528F9AF82940AEE90037BA01 /* Release */ = {
			isa = XCBuildConfiguration;
			buildSettings = {
				ALWAYS_SEARCH_USER_PATHS = NO;
				CLANG_ANALYZER_NONNULL = YES;
				CLANG_ANALYZER_NUMBER_OBJECT_CONVERSION = YES_AGGRESSIVE;
				CLANG_CXX_LANGUAGE_STANDARD = "gnu++20";
				CLANG_ENABLE_MODULES = YES;
				CLANG_ENABLE_OBJC_ARC = YES;
				CLANG_ENABLE_OBJC_WEAK = YES;
				CLANG_WARN_BLOCK_CAPTURE_AUTORELEASING = YES;
				CLANG_WARN_BOOL_CONVERSION = YES;
				CLANG_WARN_COMMA = YES;
				CLANG_WARN_CONSTANT_CONVERSION = YES;
				CLANG_WARN_DEPRECATED_OBJC_IMPLEMENTATIONS = YES;
				CLANG_WARN_DIRECT_OBJC_ISA_USAGE = YES_ERROR;
				CLANG_WARN_DOCUMENTATION_COMMENTS = YES;
				CLANG_WARN_EMPTY_BODY = YES;
				CLANG_WARN_ENUM_CONVERSION = YES;
				CLANG_WARN_INFINITE_RECURSION = YES;
				CLANG_WARN_INT_CONVERSION = YES;
				CLANG_WARN_NON_LITERAL_NULL_CONVERSION = YES;
				CLANG_WARN_OBJC_IMPLICIT_RETAIN_SELF = YES;
				CLANG_WARN_OBJC_LITERAL_CONVERSION = YES;
				CLANG_WARN_OBJC_ROOT_CLASS = YES_ERROR;
				CLANG_WARN_QUOTED_INCLUDE_IN_FRAMEWORK_HEADER = YES;
				CLANG_WARN_RANGE_LOOP_ANALYSIS = YES;
				CLANG_WARN_STRICT_PROTOTYPES = YES;
				CLANG_WARN_SUSPICIOUS_MOVE = YES;
				CLANG_WARN_UNGUARDED_AVAILABILITY = YES_AGGRESSIVE;
				CLANG_WARN_UNREACHABLE_CODE = YES;
				CLANG_WARN__DUPLICATE_METHOD_MATCH = YES;
				COPY_PHASE_STRIP = NO;
				DEBUG_INFORMATION_FORMAT = "dwarf-with-dsym";
				ENABLE_NS_ASSERTIONS = NO;
				ENABLE_STRICT_OBJC_MSGSEND = YES;
				GCC_C_LANGUAGE_STANDARD = gnu11;
				GCC_NO_COMMON_BLOCKS = YES;
				GCC_WARN_64_TO_32_BIT_CONVERSION = YES;
				GCC_WARN_ABOUT_RETURN_TYPE = YES_ERROR;
				GCC_WARN_UNDECLARED_SELECTOR = YES;
				GCC_WARN_UNINITIALIZED_AUTOS = YES_AGGRESSIVE;
				GCC_WARN_UNUSED_FUNCTION = YES;
				GCC_WARN_UNUSED_VARIABLE = YES;
				IPHONEOS_DEPLOYMENT_TARGET = 16.1;
				MTL_ENABLE_DEBUG_INFO = NO;
				MTL_FAST_MATH = YES;
				SDKROOT = iphoneos;
				SWIFT_COMPILATION_MODE = wholemodule;
				SWIFT_OPTIMIZATION_LEVEL = "-O";
				VALIDATE_PRODUCT = YES;
			};
			name = Release;
		};
		528F9AFA2940AEE90037BA01 /* Debug */ = {
			isa = XCBuildConfiguration;
			baseConfigurationReference = CC9F7F2A1B708B2BAEB45747 /* Pods-TwitterSampleApp.debug.xcconfig */;
			buildSettings = {
				ASSETCATALOG_COMPILER_APPICON_NAME = AppIcon;
				ASSETCATALOG_COMPILER_GLOBAL_ACCENT_COLOR_NAME = AccentColor;
				CODE_SIGN_STYLE = Automatic;
				CURRENT_PROJECT_VERSION = 1;
				DEVELOPMENT_TEAM = X65X2VWL2H;
				GENERATE_INFOPLIST_FILE = YES;
				INFOPLIST_FILE = TwitterSampleApp/Info.plist;
				INFOPLIST_KEY_UIApplicationSupportsIndirectInputEvents = YES;
				INFOPLIST_KEY_UILaunchStoryboardName = LaunchScreen;
				INFOPLIST_KEY_UIMainStoryboardFile = Main;
				INFOPLIST_KEY_UISupportedInterfaceOrientations_iPad = "UIInterfaceOrientationPortrait UIInterfaceOrientationPortraitUpsideDown UIInterfaceOrientationLandscapeLeft UIInterfaceOrientationLandscapeRight";
				INFOPLIST_KEY_UISupportedInterfaceOrientations_iPhone = "UIInterfaceOrientationPortrait UIInterfaceOrientationLandscapeLeft UIInterfaceOrientationLandscapeRight";
				LD_RUNPATH_SEARCH_PATHS = (
					"$(inherited)",
					"@executable_path/Frameworks",
				);
				MARKETING_VERSION = 1.0;
				PRODUCT_BUNDLE_IDENTIFIER = com.sakamoto.TwitterSampleApp;
				PRODUCT_NAME = "$(TARGET_NAME)";
				SWIFT_EMIT_LOC_STRINGS = YES;
				SWIFT_VERSION = 5.0;
				TARGETED_DEVICE_FAMILY = "1,2";
			};
			name = Debug;
		};
		528F9AFB2940AEE90037BA01 /* Release */ = {
			isa = XCBuildConfiguration;
			baseConfigurationReference = 243E33268083093634EF8E71 /* Pods-TwitterSampleApp.release.xcconfig */;
			buildSettings = {
				ASSETCATALOG_COMPILER_APPICON_NAME = AppIcon;
				ASSETCATALOG_COMPILER_GLOBAL_ACCENT_COLOR_NAME = AccentColor;
				CODE_SIGN_STYLE = Automatic;
				CURRENT_PROJECT_VERSION = 1;
				DEVELOPMENT_TEAM = X65X2VWL2H;
				GENERATE_INFOPLIST_FILE = YES;
				INFOPLIST_FILE = TwitterSampleApp/Info.plist;
				INFOPLIST_KEY_UIApplicationSupportsIndirectInputEvents = YES;
				INFOPLIST_KEY_UILaunchStoryboardName = LaunchScreen;
				INFOPLIST_KEY_UIMainStoryboardFile = Main;
				INFOPLIST_KEY_UISupportedInterfaceOrientations_iPad = "UIInterfaceOrientationPortrait UIInterfaceOrientationPortraitUpsideDown UIInterfaceOrientationLandscapeLeft UIInterfaceOrientationLandscapeRight";
				INFOPLIST_KEY_UISupportedInterfaceOrientations_iPhone = "UIInterfaceOrientationPortrait UIInterfaceOrientationLandscapeLeft UIInterfaceOrientationLandscapeRight";
				LD_RUNPATH_SEARCH_PATHS = (
					"$(inherited)",
					"@executable_path/Frameworks",
				);
				MARKETING_VERSION = 1.0;
				PRODUCT_BUNDLE_IDENTIFIER = com.sakamoto.TwitterSampleApp;
				PRODUCT_NAME = "$(TARGET_NAME)";
				SWIFT_EMIT_LOC_STRINGS = YES;
				SWIFT_VERSION = 5.0;
				TARGETED_DEVICE_FAMILY = "1,2";
			};
			name = Release;
		};
		528F9AFD2940AEE90037BA01 /* Debug */ = {
			isa = XCBuildConfiguration;
			baseConfigurationReference = 44E86A03E4E49183850F43F6 /* Pods-TwitterSampleAppTests.debug.xcconfig */;
			buildSettings = {
				ALWAYS_EMBED_SWIFT_STANDARD_LIBRARIES = YES;
				BUNDLE_LOADER = "$(TEST_HOST)";
				CODE_SIGN_STYLE = Automatic;
				CURRENT_PROJECT_VERSION = 1;
				DEVELOPMENT_TEAM = X65X2VWL2H;
				GENERATE_INFOPLIST_FILE = YES;
				IPHONEOS_DEPLOYMENT_TARGET = 16.1;
				MARKETING_VERSION = 1.0;
				PRODUCT_BUNDLE_IDENTIFIER = com.sakamoto.TwitterSampleAppTests;
				PRODUCT_NAME = "$(TARGET_NAME)";
				SWIFT_EMIT_LOC_STRINGS = NO;
				SWIFT_VERSION = 5.0;
				TARGETED_DEVICE_FAMILY = "1,2";
				TEST_HOST = "$(BUILT_PRODUCTS_DIR)/TwitterSampleApp.app/$(BUNDLE_EXECUTABLE_FOLDER_PATH)/TwitterSampleApp";
			};
			name = Debug;
		};
		528F9AFE2940AEE90037BA01 /* Release */ = {
			isa = XCBuildConfiguration;
			baseConfigurationReference = A49B5E5F9C8DE4D9A8FF6DF0 /* Pods-TwitterSampleAppTests.release.xcconfig */;
			buildSettings = {
				ALWAYS_EMBED_SWIFT_STANDARD_LIBRARIES = YES;
				BUNDLE_LOADER = "$(TEST_HOST)";
				CODE_SIGN_STYLE = Automatic;
				CURRENT_PROJECT_VERSION = 1;
				DEVELOPMENT_TEAM = X65X2VWL2H;
				GENERATE_INFOPLIST_FILE = YES;
				IPHONEOS_DEPLOYMENT_TARGET = 16.1;
				MARKETING_VERSION = 1.0;
				PRODUCT_BUNDLE_IDENTIFIER = com.sakamoto.TwitterSampleAppTests;
				PRODUCT_NAME = "$(TARGET_NAME)";
				SWIFT_EMIT_LOC_STRINGS = NO;
				SWIFT_VERSION = 5.0;
				TARGETED_DEVICE_FAMILY = "1,2";
				TEST_HOST = "$(BUILT_PRODUCTS_DIR)/TwitterSampleApp.app/$(BUNDLE_EXECUTABLE_FOLDER_PATH)/TwitterSampleApp";
			};
			name = Release;
		};
		528F9B002940AEE90037BA01 /* Debug */ = {
			isa = XCBuildConfiguration;
			baseConfigurationReference = 0E33004F30034E111A3A9801 /* Pods-TwitterSampleApp-TwitterSampleAppUITests.debug.xcconfig */;
			buildSettings = {
				ALWAYS_EMBED_SWIFT_STANDARD_LIBRARIES = YES;
				CODE_SIGN_STYLE = Automatic;
				CURRENT_PROJECT_VERSION = 1;
				DEVELOPMENT_TEAM = X65X2VWL2H;
				GENERATE_INFOPLIST_FILE = YES;
				MARKETING_VERSION = 1.0;
				PRODUCT_BUNDLE_IDENTIFIER = com.sakamoto.TwitterSampleAppUITests;
				PRODUCT_NAME = "$(TARGET_NAME)";
				SWIFT_EMIT_LOC_STRINGS = NO;
				SWIFT_VERSION = 5.0;
				TARGETED_DEVICE_FAMILY = "1,2";
				TEST_TARGET_NAME = TwitterSampleApp;
			};
			name = Debug;
		};
		528F9B012940AEE90037BA01 /* Release */ = {
			isa = XCBuildConfiguration;
			baseConfigurationReference = 6E40C29A1520CA6679A0B953 /* Pods-TwitterSampleApp-TwitterSampleAppUITests.release.xcconfig */;
			buildSettings = {
				ALWAYS_EMBED_SWIFT_STANDARD_LIBRARIES = YES;
				CODE_SIGN_STYLE = Automatic;
				CURRENT_PROJECT_VERSION = 1;
				DEVELOPMENT_TEAM = X65X2VWL2H;
				GENERATE_INFOPLIST_FILE = YES;
				MARKETING_VERSION = 1.0;
				PRODUCT_BUNDLE_IDENTIFIER = com.sakamoto.TwitterSampleAppUITests;
				PRODUCT_NAME = "$(TARGET_NAME)";
				SWIFT_EMIT_LOC_STRINGS = NO;
				SWIFT_VERSION = 5.0;
				TARGETED_DEVICE_FAMILY = "1,2";
				TEST_TARGET_NAME = TwitterSampleApp;
			};
			name = Release;
		};
/* End XCBuildConfiguration section */

/* Begin XCConfigurationList section */
		528F9ACA2940AEE70037BA01 /* Build configuration list for PBXProject "TwitterSampleApp" */ = {
			isa = XCConfigurationList;
			buildConfigurations = (
				528F9AF72940AEE90037BA01 /* Debug */,
				528F9AF82940AEE90037BA01 /* Release */,
			);
			defaultConfigurationIsVisible = 0;
			defaultConfigurationName = Release;
		};
		528F9AF92940AEE90037BA01 /* Build configuration list for PBXNativeTarget "TwitterSampleApp" */ = {
			isa = XCConfigurationList;
			buildConfigurations = (
				528F9AFA2940AEE90037BA01 /* Debug */,
				528F9AFB2940AEE90037BA01 /* Release */,
			);
			defaultConfigurationIsVisible = 0;
			defaultConfigurationName = Release;
		};
		528F9AFC2940AEE90037BA01 /* Build configuration list for PBXNativeTarget "TwitterSampleAppTests" */ = {
			isa = XCConfigurationList;
			buildConfigurations = (
				528F9AFD2940AEE90037BA01 /* Debug */,
				528F9AFE2940AEE90037BA01 /* Release */,
			);
			defaultConfigurationIsVisible = 0;
			defaultConfigurationName = Release;
		};
		528F9AFF2940AEE90037BA01 /* Build configuration list for PBXNativeTarget "TwitterSampleAppUITests" */ = {
			isa = XCConfigurationList;
			buildConfigurations = (
				528F9B002940AEE90037BA01 /* Debug */,
				528F9B012940AEE90037BA01 /* Release */,
			);
			defaultConfigurationIsVisible = 0;
			defaultConfigurationName = Release;
		};
/* End XCConfigurationList section */
	};
	rootObject = 528F9AC72940AEE70037BA01 /* Project object */;
}
